
Microsoft Visual Studio Solution File, Format Version 12.00
# Visual Studio Version 16
VisualStudioVersion = 16.0.30104.148
MinimumVisualStudioVersion = 10.0.40219.1
Project("{FAE04EC0-301F-11D3-BF4B-00C04F79EFBC}") = "IvanovMovieDataBase", "IvanovMovieDataBase\IvanovMovieDataBase.csproj", "{65E459EB-E63D-4612-AD4A-15FE7B706256}"
EndProject
Global
	GlobalSection(SolutionConfigurationPlatforms) = preSolution
		Debug|Any CPU = Debug|Any CPU
		Release|Any CPU = Release|Any CPU
	EndGlobalSection
	GlobalSection(ProjectConfigurationPlatforms) = postSolution
		{65E459EB-E63D-4612-AD4A-15FE7B706256}.Debug|Any CPU.ActiveCfg = Debug|Any CPU
		{65E459EB-E63D-4612-AD4A-15FE7B706256}.Debug|Any CPU.Build.0 = Debug|Any CPU
		{65E459EB-E63D-4612-AD4A-15FE7B706256}.Release|Any CPU.ActiveCfg = Release|Any CPU
		{65E459EB-E63D-4612-AD4A-15FE7B706256}.Release|Any CPU.Build.0 = Release|Any CPU
	EndGlobalSection
	GlobalSection(SolutionProperties) = preSolution
		HideSolutionNode = FALSE
	EndGlobalSection
	GlobalSection(ExtensibilityGlobals) = postSolution
		SolutionGuid = {5E096511-5A44-4A09-A914-6873A74B107F}
	EndGlobalSection
EndGlobal
